
Microsoft Visual Studio Solution File, Format Version 12.00
# Visual Studio Version 16
VisualStudioVersion = 16.0.28822.285
MinimumVisualStudioVersion = 10.0.40219.1
Project("{FAE04EC0-301F-11D3-BF4B-00C04F79EFBC}") = "ListBox", "ListBox\ListBox.csproj", "{164E0BCE-C7AC-403A-B2EC-A0EF2C645EB3}"
EndProject
Global
	GlobalSection(SolutionConfigurationPlatforms) = preSolution
		Debug|Any CPU = Debug|Any CPU
		Release|Any CPU = Release|Any CPU
	EndGlobalSection
	GlobalSection(ProjectConfigurationPlatforms) = postSolution
		{164E0BCE-C7AC-403A-B2EC-A0EF2C645EB3}.Debug|Any CPU.ActiveCfg = Debug|Any CPU
		{164E0BCE-C7AC-403A-B2EC-A0EF2C645EB3}.Debug|Any CPU.Build.0 = Debug|Any CPU
		{164E0BCE-C7AC-403A-B2EC-A0EF2C645EB3}.Release|Any CPU.ActiveCfg = Release|Any CPU
		{164E0BCE-C7AC-403A-B2EC-A0EF2C645EB3}.Release|Any CPU.Build.0 = Release|Any CPU
	EndGlobalSection
	GlobalSection(SolutionProperties) = preSolution
		HideSolutionNode = FALSE
	EndGlobalSection
	GlobalSection(ExtensibilityGlobals) = postSolution
		SolutionGuid = {D18D336A-269B-4359-B1D9-7A7DB9122A8B}
	EndGlobalSection
EndGlobal
